// !$*UTF8*$!
{
	archiveVersion = 1;
	classes = {
	};
	objectVersion = 50;
	objects = {

/* Begin PBXBuildFile section */
		4D2E9D6126B1069700CEA8C3 /* main.cpp in Sources */ = {isa = PBXBuildFile; fileRef = 4D2E9D6026B1069700CEA8C3 /* main.cpp */; };
		4DDD4D0226A660DD0065D11C /* main.cpp in Sources */ = {isa = PBXBuildFile; fileRef = 4DDD4D0126A660DD0065D11C /* main.cpp */; };
		4DDD4D0F26A661480065D11C /* main.cpp in Sources */ = {isa = PBXBuildFile; fileRef = 4DDD4D0E26A661480065D11C /* main.cpp */; };
/* End PBXBuildFile section */

/* Begin PBXCopyFilesBuildPhase section */
		4D2E9D3B26A6C35200CEA8C3 /* CopyFiles */ = {
			isa = PBXCopyFilesBuildPhase;
			buildActionMask = 2147483647;
			dstPath = /usr/share/man/man1/;
			dstSubfolderSpec = 0;
			files = (
			);
			runOnlyForDeploymentPostprocessing = 1;
		};
		4D2E9D4626A986AA00CEA8C3 /* CopyFiles */ = {
			isa = PBXCopyFilesBuildPhase;
			buildActionMask = 2147483647;
			dstPath = /usr/share/man/man1/;
			dstSubfolderSpec = 0;
			files = (
			);
			runOnlyForDeploymentPostprocessing = 1;
		};
		4D2E9D5126AAA6F800CEA8C3 /* CopyFiles */ = {
			isa = PBXCopyFilesBuildPhase;
			buildActionMask = 2147483647;
			dstPath = /usr/share/man/man1/;
			dstSubfolderSpec = 0;
			files = (
			);
			runOnlyForDeploymentPostprocessing = 1;
		};
		4D2E9D5C26B1069700CEA8C3 /* CopyFiles */ = {
			isa = PBXCopyFilesBuildPhase;
			buildActionMask = 2147483647;
			dstPath = /usr/share/man/man1/;
			dstSubfolderSpec = 0;
			files = (
			);
			runOnlyForDeploymentPostprocessing = 1;
		};
		4DDD4CFC26A660DD0065D11C /* CopyFiles */ = {
			isa = PBXCopyFilesBuildPhase;
			buildActionMask = 2147483647;
			dstPath = /usr/share/man/man1/;
			dstSubfolderSpec = 0;
			files = (
			);
			runOnlyForDeploymentPostprocessing = 1;
		};
		4DDD4D0A26A661480065D11C /* CopyFiles */ = {
			isa = PBXCopyFilesBuildPhase;
			buildActionMask = 2147483647;
			dstPath = /usr/share/man/man1/;
			dstSubfolderSpec = 0;
			files = (
			);
			runOnlyForDeploymentPostprocessing = 1;
		};
/* End PBXCopyFilesBuildPhase section */

/* Begin PBXFileReference section */
		4D2E9D3D26A6C35200CEA8C3 /* PK */ = {isa = PBXFileReference; explicitFileType = "compiled.mach-o.executable"; includeInIndex = 0; path = PK; sourceTree = BUILT_PRODUCTS_DIR; };
		4D2E9D4826A986AA00CEA8C3 /* 02-线性结构3 Reversing Linked List */ = {isa = PBXFileReference; explicitFileType = "compiled.mach-o.executable"; includeInIndex = 0; path = "02-线性结构3 Reversing Linked List"; sourceTree = BUILT_PRODUCTS_DIR; };
		4D2E9D5326AAA6F800CEA8C3 /* 02-线性结构4 Pop Sequence */ = {isa = PBXFileReference; explicitFileType = "compiled.mach-o.executable"; includeInIndex = 0; path = "02-线性结构4 Pop Sequence"; sourceTree = BUILT_PRODUCTS_DIR; };
		4D2E9D5E26B1069700CEA8C3 /* 树的同构 */ = {isa = PBXFileReference; explicitFileType = "compiled.mach-o.executable"; includeInIndex = 0; path = "树的同构"; sourceTree = BUILT_PRODUCTS_DIR; };
		4D2E9D6026B1069700CEA8C3 /* main.cpp */ = {isa = PBXFileReference; lastKnownFileType = sourcecode.cpp.cpp; path = main.cpp; sourceTree = "<group>"; };
		4DDD4CFE26A660DD0065D11C /* data-struct */ = {isa = PBXFileReference; explicitFileType = "compiled.mach-o.executable"; includeInIndex = 0; path = "data-struct"; sourceTree = BUILT_PRODUCTS_DIR; };
		4DDD4D0126A660DD0065D11C /* main.cpp */ = {isa = PBXFileReference; lastKnownFileType = sourcecode.cpp.cpp; path = main.cpp; sourceTree = "<group>"; };
		4DDD4D0C26A661480065D11C /* 04-树7 二叉搜索树的操作集 */ = {isa = PBXFileReference; explicitFileType = "compiled.mach-o.executable"; includeInIndex = 0; path = "04-树7 二叉搜索树的操作集"; sourceTree = BUILT_PRODUCTS_DIR; };
		4DDD4D0E26A661480065D11C /* main.cpp */ = {isa = PBXFileReference; lastKnownFileType = sourcecode.cpp.cpp; path = main.cpp; sourceTree = "<group>"; };
/* End PBXFileReference section */

/* Begin PBXFrameworksBuildPhase section */
		4D2E9D3A26A6C35200CEA8C3 /* Frameworks */ = {
			isa = PBXFrameworksBuildPhase;
			buildActionMask = 2147483647;
			files = (
			);
			runOnlyForDeploymentPostprocessing = 0;
		};
		4D2E9D4526A986AA00CEA8C3 /* Frameworks */ = {
			isa = PBXFrameworksBuildPhase;
			buildActionMask = 2147483647;
			files = (
			);
			runOnlyForDeploymentPostprocessing = 0;
		};
		4D2E9D5026AAA6F800CEA8C3 /* Frameworks */ = {
			isa = PBXFrameworksBuildPhase;
			buildActionMask = 2147483647;
			files = (
			);
			runOnlyForDeploymentPostprocessing = 0;
		};
		4D2E9D5B26B1069700CEA8C3 /* Frameworks */ = {
			isa = PBXFrameworksBuildPhase;
			buildActionMask = 2147483647;
			files = (
			);
			runOnlyForDeploymentPostprocessing = 0;
		};
		4DDD4CFB26A660DD0065D11C /* Frameworks */ = {
			isa = PBXFrameworksBuildPhase;
			buildActionMask = 2147483647;
			files = (
			);
			runOnlyForDeploymentPostprocessing = 0;
		};
		4DDD4D0926A661480065D11C /* Frameworks */ = {
			isa = PBXFrameworksBuildPhase;
			buildActionMask = 2147483647;
			files = (
			);
			runOnlyForDeploymentPostprocessing = 0;
		};
/* End PBXFrameworksBuildPhase section */

/* Begin PBXGroup section */
		4D2E9D5F26B1069700CEA8C3 /* 树的同构 */ = {
			isa = PBXGroup;
			children = (
				4D2E9D6026B1069700CEA8C3 /* main.cpp */,
			);
			path = "树的同构";
			sourceTree = "<group>";
		};
		4DDD4CF526A660DD0065D11C = {
			isa = PBXGroup;
			children = (
				4DDD4D0026A660DD0065D11C /* data-struct */,
				4DDD4D0D26A661480065D11C /* 04-树7 二叉搜索树的操作集 */,
				4D2E9D5F26B1069700CEA8C3 /* 树的同构 */,
				4DDD4CFF26A660DD0065D11C /* Products */,
			);
			sourceTree = "<group>";
		};
		4DDD4CFF26A660DD0065D11C /* Products */ = {
			isa = PBXGroup;
			children = (
				4DDD4CFE26A660DD0065D11C /* data-struct */,
				4DDD4D0C26A661480065D11C /* 04-树7 二叉搜索树的操作集 */,
				4D2E9D3D26A6C35200CEA8C3 /* PK */,
				4D2E9D4826A986AA00CEA8C3 /* 02-线性结构3 Reversing Linked List */,
				4D2E9D5326AAA6F800CEA8C3 /* 02-线性结构4 Pop Sequence */,
				4D2E9D5E26B1069700CEA8C3 /* 树的同构 */,
			);
			name = Products;
			sourceTree = "<group>";
		};
		4DDD4D0026A660DD0065D11C /* data-struct */ = {
			isa = PBXGroup;
			children = (
				4DDD4D0126A660DD0065D11C /* main.cpp */,
			);
			path = "data-struct";
			sourceTree = "<group>";
		};
		4DDD4D0D26A661480065D11C /* 04-树7 二叉搜索树的操作集 */ = {
			isa = PBXGroup;
			children = (
				4DDD4D0E26A661480065D11C /* main.cpp */,
			);
			path = "04-树7 二叉搜索树的操作集";
			sourceTree = "<group>";
		};
/* End PBXGroup section */

/* Begin PBXNativeTarget section */
		4D2E9D3C26A6C35200CEA8C3 /* PK */ = {
			isa = PBXNativeTarget;
			buildConfigurationList = 4D2E9D4326A6C35200CEA8C3 /* Build configuration list for PBXNativeTarget "PK" */;
			buildPhases = (
				4D2E9D3926A6C35200CEA8C3 /* Sources */,
				4D2E9D3A26A6C35200CEA8C3 /* Frameworks */,
				4D2E9D3B26A6C35200CEA8C3 /* CopyFiles */,
			);
			buildRules = (
			);
			dependencies = (
			);
			name = PK;
			productName = PK;
			productReference = 4D2E9D3D26A6C35200CEA8C3 /* PK */;
			productType = "com.apple.product-type.tool";
		};
		4D2E9D4726A986AA00CEA8C3 /* 02-线性结构3 Reversing Linked List */ = {
			isa = PBXNativeTarget;
			buildConfigurationList = 4D2E9D4E26A986AA00CEA8C3 /* Build configuration list for PBXNativeTarget "02-线性结构3 Reversing Linked List" */;
			buildPhases = (
				4D2E9D4426A986AA00CEA8C3 /* Sources */,
				4D2E9D4526A986AA00CEA8C3 /* Frameworks */,
				4D2E9D4626A986AA00CEA8C3 /* CopyFiles */,
			);
			buildRules = (
			);
			dependencies = (
			);
			name = "02-线性结构3 Reversing Linked List";
			productName = "02-线性结构3 Reversing Linked List";
			productReference = 4D2E9D4826A986AA00CEA8C3 /* 02-线性结构3 Reversing Linked List */;
			productType = "com.apple.product-type.tool";
		};
		4D2E9D5226AAA6F800CEA8C3 /* 02-线性结构4 Pop Sequence */ = {
			isa = PBXNativeTarget;
			buildConfigurationList = 4D2E9D5726AAA6F800CEA8C3 /* Build configuration list for PBXNativeTarget "02-线性结构4 Pop Sequence" */;
			buildPhases = (
				4D2E9D4F26AAA6F800CEA8C3 /* Sources */,
				4D2E9D5026AAA6F800CEA8C3 /* Frameworks */,
				4D2E9D5126AAA6F800CEA8C3 /* CopyFiles */,
			);
			buildRules = (
			);
			dependencies = (
			);
			name = "02-线性结构4 Pop Sequence";
			productName = "02-线性结构4 Pop Sequence";
			productReference = 4D2E9D5326AAA6F800CEA8C3 /* 02-线性结构4 Pop Sequence */;
			productType = "com.apple.product-type.tool";
		};
		4D2E9D5D26B1069700CEA8C3 /* 树的同构 */ = {
			isa = PBXNativeTarget;
			buildConfigurationList = 4D2E9D6226B1069700CEA8C3 /* Build configuration list for PBXNativeTarget "树的同构" */;
			buildPhases = (
				4D2E9D5A26B1069700CEA8C3 /* Sources */,
				4D2E9D5B26B1069700CEA8C3 /* Frameworks */,
				4D2E9D5C26B1069700CEA8C3 /* CopyFiles */,
			);
			buildRules = (
			);
			dependencies = (
			);
			name = "树的同构";
			productName = "树的同构";
			productReference = 4D2E9D5E26B1069700CEA8C3 /* 树的同构 */;
			productType = "com.apple.product-type.tool";
		};
		4DDD4CFD26A660DD0065D11C /* data-struct */ = {
			isa = PBXNativeTarget;
			buildConfigurationList = 4DDD4D0526A660DD0065D11C /* Build configuration list for PBXNativeTarget "data-struct" */;
			buildPhases = (
				4DDD4CFA26A660DD0065D11C /* Sources */,
				4DDD4CFB26A660DD0065D11C /* Frameworks */,
				4DDD4CFC26A660DD0065D11C /* CopyFiles */,
			);
			buildRules = (
			);
			dependencies = (
			);
			name = "data-struct";
			productName = "data-struct";
			productReference = 4DDD4CFE26A660DD0065D11C /* data-struct */;
			productType = "com.apple.product-type.tool";
		};
		4DDD4D0B26A661480065D11C /* 04-树7 二叉搜索树的操作集 */ = {
			isa = PBXNativeTarget;
			buildConfigurationList = 4DDD4D1026A661480065D11C /* Build configuration list for PBXNativeTarget "04-树7 二叉搜索树的操作集" */;
			buildPhases = (
				4DDD4D0826A661480065D11C /* Sources */,
				4DDD4D0926A661480065D11C /* Frameworks */,
				4DDD4D0A26A661480065D11C /* CopyFiles */,
			);
			buildRules = (
			);
			dependencies = (
			);
			name = "04-树7 二叉搜索树的操作集";
			productName = "04-树7 二叉搜索树的操作集";
			productReference = 4DDD4D0C26A661480065D11C /* 04-树7 二叉搜索树的操作集 */;
			productType = "com.apple.product-type.tool";
		};
/* End PBXNativeTarget section */

/* Begin PBXProject section */
		4DDD4CF626A660DD0065D11C /* Project object */ = {
			isa = PBXProject;
			attributes = {
				LastUpgradeCheck = 1250;
				TargetAttributes = {
					4D2E9D3C26A6C35200CEA8C3 = {
						CreatedOnToolsVersion = 12.5.1;
					};
					4D2E9D4726A986AA00CEA8C3 = {
						CreatedOnToolsVersion = 12.5.1;
					};
					4D2E9D5226AAA6F800CEA8C3 = {
						CreatedOnToolsVersion = 12.5.1;
					};
					4D2E9D5D26B1069700CEA8C3 = {
						CreatedOnToolsVersion = 12.5.1;
					};
					4DDD4CFD26A660DD0065D11C = {
						CreatedOnToolsVersion = 12.5.1;
					};
					4DDD4D0B26A661480065D11C = {
						CreatedOnToolsVersion = 12.5.1;
					};
				};
			};
			buildConfigurationList = 4DDD4CF926A660DD0065D11C /* Build configuration list for PBXProject "data-struct" */;
			compatibilityVersion = "Xcode 9.3";
			developmentRegion = en;
			hasScannedForEncodings = 0;
			knownRegions = (
				en,
				Base,
			);
			mainGroup = 4DDD4CF526A660DD0065D11C;
			productRefGroup = 4DDD4CFF26A660DD0065D11C /* Products */;
			projectDirPath = "";
			projectRoot = "";
			targets = (
				4DDD4CFD26A660DD0065D11C /* data-struct */,
				4DDD4D0B26A661480065D11C /* 04-树7 二叉搜索树的操作集 */,
				4D2E9D3C26A6C35200CEA8C3 /* PK */,
				4D2E9D4726A986AA00CEA8C3 /* 02-线性结构3 Reversing Linked List */,
				4D2E9D5226AAA6F800CEA8C3 /* 02-线性结构4 Pop Sequence */,
				4D2E9D5D26B1069700CEA8C3 /* 树的同构 */,
			);
		};
/* End PBXProject section */

/* Begin PBXSourcesBuildPhase section */
		4D2E9D3926A6C35200CEA8C3 /* Sources */ = {
			isa = PBXSourcesBuildPhase;
			buildActionMask = 2147483647;
			files = (
			);
			runOnlyForDeploymentPostprocessing = 0;
		};
		4D2E9D4426A986AA00CEA8C3 /* Sources */ = {
			isa = PBXSourcesBuildPhase;
			buildActionMask = 2147483647;
			files = (
			);
			runOnlyForDeploymentPostprocessing = 0;
		};
		4D2E9D4F26AAA6F800CEA8C3 /* Sources */ = {
			isa = PBXSourcesBuildPhase;
			buildActionMask = 2147483647;
			files = (
			);
			runOnlyForDeploymentPostprocessing = 0;
		};
		4D2E9D5A26B1069700CEA8C3 /* Sources */ = {
			isa = PBXSourcesBuildPhase;
			buildActionMask = 2147483647;
			files = (
				4D2E9D6126B1069700CEA8C3 /* main.cpp in Sources */,
			);
			runOnlyForDeploymentPostprocessing = 0;
		};
		4DDD4CFA26A660DD0065D11C /* Sources */ = {
			isa = PBXSourcesBuildPhase;
			buildActionMask = 2147483647;
			files = (
				4DDD4D0226A660DD0065D11C /* main.cpp in Sources */,
			);
			runOnlyForDeploymentPostprocessing = 0;
		};
		4DDD4D0826A661480065D11C /* Sources */ = {
			isa = PBXSourcesBuildPhase;
			buildActionMask = 2147483647;
			files = (
				4DDD4D0F26A661480065D11C /* main.cpp in Sources */,
			);
			runOnlyForDeploymentPostprocessing = 0;
		};
/* End PBXSourcesBuildPhase section */

/* Begin XCBuildConfiguration section */
		4D2E9D4126A6C35200CEA8C3 /* Debug */ = {
			isa = XCBuildConfiguration;
			buildSettings = {
				CODE_SIGN_STYLE = Automatic;
				PRODUCT_NAME = "$(TARGET_NAME)";
			};
			name = Debug;
		};
		4D2E9D4226A6C35200CEA8C3 /* Release */ = {
			isa = XCBuildConfiguration;
			buildSettings = {
				CODE_SIGN_STYLE = Automatic;
				PRODUCT_NAME = "$(TARGET_NAME)";
			};
			name = Release;
		};
		4D2E9D4C26A986AA00CEA8C3 /* Debug */ = {
			isa = XCBuildConfiguration;
			buildSettings = {
				CODE_SIGN_STYLE = Automatic;
				PRODUCT_NAME = "$(TARGET_NAME)";
			};
			name = Debug;
		};
		4D2E9D4D26A986AA00CEA8C3 /* Release */ = {
			isa = XCBuildConfiguration;
			buildSettings = {
				CODE_SIGN_STYLE = Automatic;
				PRODUCT_NAME = "$(TARGET_NAME)";
			};
			name = Release;
		};
		4D2E9D5826AAA6F800CEA8C3 /* Debug */ = {
			isa = XCBuildConfiguration;
			buildSettings = {
				CODE_SIGN_STYLE = Automatic;
				PRODUCT_NAME = "$(TARGET_NAME)";
			};
			name = Debug;
		};
		4D2E9D5926AAA6F800CEA8C3 /* Release */ = {
			isa = XCBuildConfiguration;
			buildSettings = {
				CODE_SIGN_STYLE = Automatic;
				PRODUCT_NAME = "$(TARGET_NAME)";
			};
			name = Release;
		};
		4D2E9D6326B1069700CEA8C3 /* Debug */ = {
			isa = XCBuildConfiguration;
			buildSettings = {
				CODE_SIGN_STYLE = Automatic;
				PRODUCT_NAME = "$(TARGET_NAME)";
			};
			name = Debug;
		};
		4D2E9D6426B1069700CEA8C3 /* Release */ = {
			isa = XCBuildConfiguration;
			buildSettings = {
				CODE_SIGN_STYLE = Automatic;
				PRODUCT_NAME = "$(TARGET_NAME)";
			};
			name = Release;
		};
		4DDD4D0326A660DD0065D11C /* Debug */ = {
			isa = XCBuildConfiguration;
			buildSettings = {
				ALWAYS_SEARCH_USER_PATHS = NO;
				CLANG_ANALYZER_NONNULL = YES;
				CLANG_ANALYZER_NUMBER_OBJECT_CONVERSION = YES_AGGRESSIVE;
				CLANG_CXX_LANGUAGE_STANDARD = "gnu++14";
				CLANG_CXX_LIBRARY = "libc++";
				CLANG_ENABLE_MODULES = YES;
				CLANG_ENABLE_OBJC_ARC = YES;
				CLANG_ENABLE_OBJC_WEAK = YES;
				CLANG_WARN_BLOCK_CAPTURE_AUTORELEASING = YES;
				CLANG_WARN_BOOL_CONVERSION = YES;
				CLANG_WARN_COMMA = YES;
				CLANG_WARN_CONSTANT_CONVERSION = YES;
				CLANG_WARN_DEPRECATED_OBJC_IMPLEMENTATIONS = YES;
				CLANG_WARN_DIRECT_OBJC_ISA_USAGE = YES_ERROR;
				CLANG_WARN_DOCUMENTATION_COMMENTS = YES;
				CLANG_WARN_EMPTY_BODY = YES;
				CLANG_WARN_ENUM_CONVERSION = YES;
				CLANG_WARN_INFINITE_RECURSION = YES;
				CLANG_WARN_INT_CONVERSION = YES;
				CLANG_WARN_NON_LITERAL_NULL_CONVERSION = YES;
				CLANG_WARN_OBJC_IMPLICIT_RETAIN_SELF = YES;
				CLANG_WARN_OBJC_LITERAL_CONVERSION = YES;
				CLANG_WARN_OBJC_ROOT_CLASS = YES_ERROR;
				CLANG_WARN_QUOTED_INCLUDE_IN_FRAMEWORK_HEADER = YES;
				CLANG_WARN_RANGE_LOOP_ANALYSIS = YES;
				CLANG_WARN_STRICT_PROTOTYPES = YES;
				CLANG_WARN_SUSPICIOUS_MOVE = YES;
				CLANG_WARN_UNGUARDED_AVAILABILITY = YES_AGGRESSIVE;
				CLANG_WARN_UNREACHABLE_CODE = YES;
				CLANG_WARN__DUPLICATE_METHOD_MATCH = YES;
				COPY_PHASE_STRIP = NO;
				DEBUG_INFORMATION_FORMAT = dwarf;
				ENABLE_STRICT_OBJC_MSGSEND = YES;
				ENABLE_TESTABILITY = YES;
				GCC_C_LANGUAGE_STANDARD = gnu11;
				GCC_DYNAMIC_NO_PIC = NO;
				GCC_NO_COMMON_BLOCKS = YES;
				GCC_OPTIMIZATION_LEVEL = 0;
				GCC_PREPROCESSOR_DEFINITIONS = (
					"DEBUG=1",
					"$(inherited)",
				);
				GCC_WARN_64_TO_32_BIT_CONVERSION = YES;
				GCC_WARN_ABOUT_RETURN_TYPE = YES_ERROR;
				GCC_WARN_UNDECLARED_SELECTOR = YES;
				GCC_WARN_UNINITIALIZED_AUTOS = YES_AGGRESSIVE;
				GCC_WARN_UNUSED_FUNCTION = YES;
				GCC_WARN_UNUSED_VARIABLE = YES;
				MACOSX_DEPLOYMENT_TARGET = 11.3;
				MTL_ENABLE_DEBUG_INFO = INCLUDE_SOURCE;
				MTL_FAST_MATH = YES;
				ONLY_ACTIVE_ARCH = YES;
				SDKROOT = macosx;
			};
			name = Debug;
		};
		4DDD4D0426A660DD0065D11C /* Release */ = {
			isa = XCBuildConfiguration;
			buildSettings = {
				ALWAYS_SEARCH_USER_PATHS = NO;
				CLANG_ANALYZER_NONNULL = YES;
				CLANG_ANALYZER_NUMBER_OBJECT_CONVERSION = YES_AGGRESSIVE;
				CLANG_CXX_LANGUAGE_STANDARD = "gnu++14";
				CLANG_CXX_LIBRARY = "libc++";
				CLANG_ENABLE_MODULES = YES;
				CLANG_ENABLE_OBJC_ARC = YES;
				CLANG_ENABLE_OBJC_WEAK = YES;
				CLANG_WARN_BLOCK_CAPTURE_AUTORELEASING = YES;
				CLANG_WARN_BOOL_CONVERSION = YES;
				CLANG_WARN_COMMA = YES;
				CLANG_WARN_CONSTANT_CONVERSION = YES;
				CLANG_WARN_DEPRECATED_OBJC_IMPLEMENTATIONS = YES;
				CLANG_WARN_DIRECT_OBJC_ISA_USAGE = YES_ERROR;
				CLANG_WARN_DOCUMENTATION_COMMENTS = YES;
				CLANG_WARN_EMPTY_BODY = YES;
				CLANG_WARN_ENUM_CONVERSION = YES;
				CLANG_WARN_INFINITE_RECURSION = YES;
				CLANG_WARN_INT_CONVERSION = YES;
				CLANG_WARN_NON_LITERAL_NULL_CONVERSION = YES;
				CLANG_WARN_OBJC_IMPLICIT_RETAIN_SELF = YES;
				CLANG_WARN_OBJC_LITERAL_CONVERSION = YES;
				CLANG_WARN_OBJC_ROOT_CLASS = YES_ERROR;
				CLANG_WARN_QUOTED_INCLUDE_IN_FRAMEWORK_HEADER = YES;
				CLANG_WARN_RANGE_LOOP_ANALYSIS = YES;
				CLANG_WARN_STRICT_PROTOTYPES = YES;
				CLANG_WARN_SUSPICIOUS_MOVE = YES;
				CLANG_WARN_UNGUARDED_AVAILABILITY = YES_AGGRESSIVE;
				CLANG_WARN_UNREACHABLE_CODE = YES;
				CLANG_WARN__DUPLICATE_METHOD_MATCH = YES;
				COPY_PHASE_STRIP = NO;
				DEBUG_INFORMATION_FORMAT = "dwarf-with-dsym";
				ENABLE_NS_ASSERTIONS = NO;
				ENABLE_STRICT_OBJC_MSGSEND = YES;
				GCC_C_LANGUAGE_STANDARD = gnu11;
				GCC_NO_COMMON_BLOCKS = YES;
				GCC_WARN_64_TO_32_BIT_CONVERSION = YES;
				GCC_WARN_ABOUT_RETURN_TYPE = YES_ERROR;
				GCC_WARN_UNDECLARED_SELECTOR = YES;
				GCC_WARN_UNINITIALIZED_AUTOS = YES_AGGRESSIVE;
				GCC_WARN_UNUSED_FUNCTION = YES;
				GCC_WARN_UNUSED_VARIABLE = YES;
				MACOSX_DEPLOYMENT_TARGET = 11.3;
				MTL_ENABLE_DEBUG_INFO = NO;
				MTL_FAST_MATH = YES;
				SDKROOT = macosx;
			};
			name = Release;
		};
		4DDD4D0626A660DD0065D11C /* Debug */ = {
			isa = XCBuildConfiguration;
			buildSettings = {
				CODE_SIGN_STYLE = Automatic;
				PRODUCT_NAME = "$(TARGET_NAME)";
			};
			name = Debug;
		};
		4DDD4D0726A660DD0065D11C /* Release */ = {
			isa = XCBuildConfiguration;
			buildSettings = {
				CODE_SIGN_STYLE = Automatic;
				PRODUCT_NAME = "$(TARGET_NAME)";
			};
			name = Release;
		};
		4DDD4D1126A661480065D11C /* Debug */ = {
			isa = XCBuildConfiguration;
			buildSettings = {
				CODE_SIGN_STYLE = Automatic;
				PRODUCT_NAME = "$(TARGET_NAME)";
			};
			name = Debug;
		};
		4DDD4D1226A661480065D11C /* Release */ = {
			isa = XCBuildConfiguration;
			buildSettings = {
				CODE_SIGN_STYLE = Automatic;
				PRODUCT_NAME = "$(TARGET_NAME)";
			};
			name = Release;
		};
/* End XCBuildConfiguration section */

/* Begin XCConfigurationList section */
		4D2E9D4326A6C35200CEA8C3 /* Build configuration list for PBXNativeTarget "PK" */ = {
			isa = XCConfigurationList;
			buildConfigurations = (
				4D2E9D4126A6C35200CEA8C3 /* Debug */,
				4D2E9D4226A6C35200CEA8C3 /* Release */,
			);
			defaultConfigurationIsVisible = 0;
			defaultConfigurationName = Release;
		};
		4D2E9D4E26A986AA00CEA8C3 /* Build configuration list for PBXNativeTarget "02-线性结构3 Reversing Linked List" */ = {
			isa = XCConfigurationList;
			buildConfigurations = (
				4D2E9D4C26A986AA00CEA8C3 /* Debug */,
				4D2E9D4D26A986AA00CEA8C3 /* Release */,
			);
			defaultConfigurationIsVisible = 0;
			defaultConfigurationName = Release;
		};
		4D2E9D5726AAA6F800CEA8C3 /* Build configuration list for PBXNativeTarget "02-线性结构4 Pop Sequence" */ = {
			isa = XCConfigurationList;
			buildConfigurations = (
				4D2E9D5826AAA6F800CEA8C3 /* Debug */,
				4D2E9D5926AAA6F800CEA8C3 /* Release */,
			);
			defaultConfigurationIsVisible = 0;
			defaultConfigurationName = Release;
		};
		4D2E9D6226B1069700CEA8C3 /* Build configuration list for PBXNativeTarget "树的同构" */ = {
			isa = XCConfigurationList;
			buildConfigurations = (
				4D2E9D6326B1069700CEA8C3 /* Debug */,
				4D2E9D6426B1069700CEA8C3 /* Release */,
			);
			defaultConfigurationIsVisible = 0;
			defaultConfigurationName = Release;
		};
		4DDD4CF926A660DD0065D11C /* Build configuration list for PBXProject "data-struct" */ = {
			isa = XCConfigurationList;
			buildConfigurations = (
				4DDD4D0326A660DD0065D11C /* Debug */,
				4DDD4D0426A660DD0065D11C /* Release */,
			);
			defaultConfigurationIsVisible = 0;
			defaultConfigurationName = Release;
		};
		4DDD4D0526A660DD0065D11C /* Build configuration list for PBXNativeTarget "data-struct" */ = {
			isa = XCConfigurationList;
			buildConfigurations = (
				4DDD4D0626A660DD0065D11C /* Debug */,
				4DDD4D0726A660DD0065D11C /* Release */,
			);
			defaultConfigurationIsVisible = 0;
			defaultConfigurationName = Release;
		};
		4DDD4D1026A661480065D11C /* Build configuration list for PBXNativeTarget "04-树7 二叉搜索树的操作集" */ = {
			isa = XCConfigurationList;
			buildConfigurations = (
				4DDD4D1126A661480065D11C /* Debug */,
				4DDD4D1226A661480065D11C /* Release */,
			);
			defaultConfigurationIsVisible = 0;
			defaultConfigurationName = Release;
		};
/* End XCConfigurationList section */
	};
	rootObject = 4DDD4CF626A660DD0065D11C /* Project object */;
}
